// !$*UTF8*$!
{
	archiveVersion = 1;
	classes = {
	};
	objectVersion = 50;
	objects = {

/* Begin PBXBuildFile section */
		2201728021650C500055B48A /* DZCNetWorkManager.swift in Sources */ = {isa = PBXBuildFile; fileRef = 2201727F21650C500055B48A /* DZCNetWorkManager.swift */; };
		22017282216521730055B48A /* DZCNetWorkManager+JsonWeibo.swift in Sources */ = {isa = PBXBuildFile; fileRef = 22017281216521730055B48A /* DZCNetWorkManager+JsonWeibo.swift */; };
		22226CD22182FFB5000A08D9 /* String+Regular.swift in Sources */ = {isa = PBXBuildFile; fileRef = 22226CD12182FFB5000A08D9 /* String+Regular.swift */; };
		222AECB52172BC1900F871F7 /* DZCPicModel.swift in Sources */ = {isa = PBXBuildFile; fileRef = 222AECB42172BC1900F871F7 /* DZCPicModel.swift */; };
		222AECB72172C20300F871F7 /* DZCWeiboPicView.swift in Sources */ = {isa = PBXBuildFile; fileRef = 222AECB62172C20300F871F7 /* DZCWeiboPicView.swift */; };
		2262199F217CADED00195470 /* DZCWriteWeiboView.swift in Sources */ = {isa = PBXBuildFile; fileRef = 2262199E217CADED00195470 /* DZCWriteWeiboView.swift */; };
		226219A1217CB06C00195470 /* DZCWriteWeiboView.xib in Resources */ = {isa = PBXBuildFile; fileRef = 226219A0217CB06C00195470 /* DZCWriteWeiboView.xib */; };
		226219A3217CBBDF00195470 /* DZCWriteWeiboBtn.swift in Sources */ = {isa = PBXBuildFile; fileRef = 226219A2217CBBDF00195470 /* DZCWriteWeiboBtn.swift */; };
		226219A5217CBBEC00195470 /* DZCWriteWeiboBtn.xib in Resources */ = {isa = PBXBuildFile; fileRef = 226219A4217CBBEC00195470 /* DZCWriteWeiboBtn.xib */; };
		226A7ACC215F0C760048ADCA /* UIButton+Image.swift in Sources */ = {isa = PBXBuildFile; fileRef = 226A7ACB215F0C760048ADCA /* UIButton+Image.swift */; };
		226F44482174D60800E2953D /* DZCWeiboRepostTableViewCell.xib in Resources */ = {isa = PBXBuildFile; fileRef = 226F44472174D60800E2953D /* DZCWeiboRepostTableViewCell.xib */; };
		226F510B2161A4D9006E1DC6 /* BaseView.json in Resources */ = {isa = PBXBuildFile; fileRef = 226F510A2161A4D9006E1DC6 /* BaseView.json */; };
		226F510C2161A525006E1DC6 /* BaseView.json in Sources */ = {isa = PBXBuildFile; fileRef = 226F510A2161A4D9006E1DC6 /* BaseView.json */; };
		226F680D215BC12D00F26441 /* AppDelegate.swift in Sources */ = {isa = PBXBuildFile; fileRef = 226F680C215BC12D00F26441 /* AppDelegate.swift */; };
		226F6829215BC77100F26441 /* DZCMainViewController.swift in Sources */ = {isa = PBXBuildFile; fileRef = 226F6828215BC77100F26441 /* DZCMainViewController.swift */; };
		226F682D215BC7F500F26441 /* DZCNavigationController.swift in Sources */ = {isa = PBXBuildFile; fileRef = 226F682C215BC7F500F26441 /* DZCNavigationController.swift */; };
		226F682F215BC80900F26441 /* DZCBaseViewController.swift in Sources */ = {isa = PBXBuildFile; fileRef = 226F682E215BC80900F26441 /* DZCBaseViewController.swift */; };
		226F6831215BC86E00F26441 /* DZCDiscoverController.swift in Sources */ = {isa = PBXBuildFile; fileRef = 226F6830215BC86E00F26441 /* DZCDiscoverController.swift */; };
		226F6833215BC88000F26441 /* DZCHomeViewController.swift in Sources */ = {isa = PBXBuildFile; fileRef = 226F6832215BC88000F26441 /* DZCHomeViewController.swift */; };
		226F6835215BC89500F26441 /* DZCMessageViewController.swift in Sources */ = {isa = PBXBuildFile; fileRef = 226F6834215BC89500F26441 /* DZCMessageViewController.swift */; };
		226F6837215BC8A500F26441 /* DZCMyinfoViewController.swift in Sources */ = {isa = PBXBuildFile; fileRef = 226F6836215BC8A500F26441 /* DZCMyinfoViewController.swift */; };
		227662A72172364D00735ED8 /* String+CutweiboString.swift in Sources */ = {isa = PBXBuildFile; fileRef = 227662A62172364D00735ED8 /* String+CutweiboString.swift */; };
		22857DFB216C52B8004AA2EF /* Launch Screen.storyboard in Resources */ = {isa = PBXBuildFile; fileRef = 22857DFA216C52B8004AA2EF /* Launch Screen.storyboard */; };
		22857DFC216C537C004AA2EF /* Assets.xcassets in Resources */ = {isa = PBXBuildFile; fileRef = 226F6813215BC13100F26441 /* Assets.xcassets */; };
		22857E01216CEFD0004AA2EF /* DZCCollectionViewController.swift in Sources */ = {isa = PBXBuildFile; fileRef = 22857E00216CEFD0004AA2EF /* DZCCollectionViewController.swift */; };
		22921EF7215BF09900B947EB /* UIImage+URLImage.swift in Sources */ = {isa = PBXBuildFile; fileRef = 22921EF6215BF09900B947EB /* UIImage+URLImage.swift */; };
		2299F81121718596009DD2A6 /* UIImage+ImageRound.swift in Sources */ = {isa = PBXBuildFile; fileRef = 2299F81021718596009DD2A6 /* UIImage+ImageRound.swift */; };
		229F5C2F216F22FD00C8A99F /* DZCWelcomeViewController.swift in Sources */ = {isa = PBXBuildFile; fileRef = 229F5C2E216F22FD00C8A99F /* DZCWelcomeViewController.swift */; };
		229F5C31216F257F00C8A99F /* WelcomeView.storyboard in Resources */ = {isa = PBXBuildFile; fileRef = 229F5C30216F257F00C8A99F /* WelcomeView.storyboard */; };
		22ACAE212187228200255699 /* DZCLabel.swift in Sources */ = {isa = PBXBuildFile; fileRef = 22ACAE202187228200255699 /* DZCLabel.swift */; };
		22B7D1D1216876D2004C4E07 /* UserNotify.swift in Sources */ = {isa = PBXBuildFile; fileRef = 22B7D1D0216876D2004C4E07 /* UserNotify.swift */; };
		22B7D1D32168C13E004C4E07 /* DZCWebView.swift in Sources */ = {isa = PBXBuildFile; fileRef = 22B7D1D22168C13E004C4E07 /* DZCWebView.swift */; };
		22B8D9D921887F0A00DDFCA9 /* DZCWebViewController.swift in Sources */ = {isa = PBXBuildFile; fileRef = 22B8D9D821887F0A00DDFCA9 /* DZCWebViewController.swift */; };
		22CA63472165B5CE000536AF /* DZCWeiboModel.swift in Sources */ = {isa = PBXBuildFile; fileRef = 22CA63462165B5CE000536AF /* DZCWeiboModel.swift */; };
		22CA63492165B777000536AF /* DZCWeiBoViewModel.swift in Sources */ = {isa = PBXBuildFile; fileRef = 22CA63482165B777000536AF /* DZCWeiBoViewModel.swift */; };
		22CE78C7217AD5F400BCA518 /* DZCRefreshControl.swift in Sources */ = {isa = PBXBuildFile; fileRef = 22CE78C6217AD5F400BCA518 /* DZCRefreshControl.swift */; };
		22CE78D0217B599200BCA518 /* DZCRefreshControl.xib in Resources */ = {isa = PBXBuildFile; fileRef = 22CE78CF217B599200BCA518 /* DZCRefreshControl.xib */; };
		22CE78D2217B59A300BCA518 /* DZCRefreashview.swift in Sources */ = {isa = PBXBuildFile; fileRef = 22CE78D1217B59A200BCA518 /* DZCRefreashview.swift */; };
		22D00892215DC1FD003C771A /* DZCTestViewController.swift in Sources */ = {isa = PBXBuildFile; fileRef = 22D00891215DC1FD003C771A /* DZCTestViewController.swift */; };
		22D00894215DCC72003C771A /* UIBarButtonItem+Custom.swift in Sources */ = {isa = PBXBuildFile; fileRef = 22D00893215DCC72003C771A /* UIBarButtonItem+Custom.swift */; };
		22D9055A21709AD8002A1D9A /* DZCWeiboTableViewCell.swift in Sources */ = {isa = PBXBuildFile; fileRef = 22D9055821709AD8002A1D9A /* DZCWeiboTableViewCell.swift */; };
		22D9055B21709AD8002A1D9A /* DZCWeiboTableViewCell.xib in Resources */ = {isa = PBXBuildFile; fileRef = 22D9055921709AD8002A1D9A /* DZCWeiboTableViewCell.xib */; };
		22D9055D2170D239002A1D9A /* DZCWeiboDetailsModel.swift in Sources */ = {isa = PBXBuildFile; fileRef = 22D9055C2170D239002A1D9A /* DZCWeiboDetailsModel.swift */; };
		22D9055F2170E717002A1D9A /* DZCDetalisViewModel.swift in Sources */ = {isa = PBXBuildFile; fileRef = 22D9055E2170E717002A1D9A /* DZCDetalisViewModel.swift */; };
		22DE3DAF2160EBD0007003E7 /* DZCVistorView.swift in Sources */ = {isa = PBXBuildFile; fileRef = 22DE3DAE2160EBD0007003E7 /* DZCVistorView.swift */; };
		22DE4156216A530F00070017 /* DZCAccountModel.swift in Sources */ = {isa = PBXBuildFile; fileRef = 22DE4155216A530F00070017 /* DZCAccountModel.swift */; };
		22E4DC6C2185EFD50030E66D /* Emoticons.bundle in Resources */ = {isa = PBXBuildFile; fileRef = 22E4DC6B2185EFD40030E66D /* Emoticons.bundle */; };
		22E4DC6F2185F00F0030E66D /* DZCEmoticons.swift in Sources */ = {isa = PBXBuildFile; fileRef = 22E4DC6E2185F00F0030E66D /* DZCEmoticons.swift */; };
		22E4DC712185F0140030E66D /* DZCEmotionModel.swift in Sources */ = {isa = PBXBuildFile; fileRef = 22E4DC702185F0140030E66D /* DZCEmotionModel.swift */; };
		22E4DC732185F0190030E66D /* DZCEmotionCoinModel.swift in Sources */ = {isa = PBXBuildFile; fileRef = 22E4DC722185F0190030E66D /* DZCEmotionCoinModel.swift */; };
		A69508BBB7C19F7E7A0CF421 /* Pods_DZCWeibo.framework in Frameworks */ = {isa = PBXBuildFile; fileRef = 4D96F52BF93E8D206C28783A /* Pods_DZCWeibo.framework */; };
/* End PBXBuildFile section */

/* Begin PBXFileReference section */
		2201727F21650C500055B48A /* DZCNetWorkManager.swift */ = {isa = PBXFileReference; lastKnownFileType = sourcecode.swift; path = DZCNetWorkManager.swift; sourceTree = "<group>"; };
		22017281216521730055B48A /* DZCNetWorkManager+JsonWeibo.swift */ = {isa = PBXFileReference; lastKnownFileType = sourcecode.swift; path = "DZCNetWorkManager+JsonWeibo.swift"; sourceTree = "<group>"; };
		22226CD12182FFB5000A08D9 /* String+Regular.swift */ = {isa = PBXFileReference; fileEncoding = 4; lastKnownFileType = sourcecode.swift; path = "String+Regular.swift"; sourceTree = "<group>"; };
		222AECB42172BC1900F871F7 /* DZCPicModel.swift */ = {isa = PBXFileReference; lastKnownFileType = sourcecode.swift; path = DZCPicModel.swift; sourceTree = "<group>"; };
		222AECB62172C20300F871F7 /* DZCWeiboPicView.swift */ = {isa = PBXFileReference; lastKnownFileType = sourcecode.swift; path = DZCWeiboPicView.swift; sourceTree = "<group>"; };
		2262199E217CADED00195470 /* DZCWriteWeiboView.swift */ = {isa = PBXFileReference; lastKnownFileType = sourcecode.swift; path = DZCWriteWeiboView.swift; sourceTree = "<group>"; };
		226219A0217CB06C00195470 /* DZCWriteWeiboView.xib */ = {isa = PBXFileReference; lastKnownFileType = file.xib; path = DZCWriteWeiboView.xib; sourceTree = "<group>"; };
		226219A2217CBBDF00195470 /* DZCWriteWeiboBtn.swift */ = {isa = PBXFileReference; lastKnownFileType = sourcecode.swift; path = DZCWriteWeiboBtn.swift; sourceTree = "<group>"; };
		226219A4217CBBEC00195470 /* DZCWriteWeiboBtn.xib */ = {isa = PBXFileReference; lastKnownFileType = file.xib; path = DZCWriteWeiboBtn.xib; sourceTree = "<group>"; };
		226A7ACB215F0C760048ADCA /* UIButton+Image.swift */ = {isa = PBXFileReference; lastKnownFileType = sourcecode.swift; path = "UIButton+Image.swift"; sourceTree = "<group>"; };
		226F44472174D60800E2953D /* DZCWeiboRepostTableViewCell.xib */ = {isa = PBXFileReference; lastKnownFileType = file.xib; path = DZCWeiboRepostTableViewCell.xib; sourceTree = "<group>"; };
		226F510A2161A4D9006E1DC6 /* BaseView.json */ = {isa = PBXFileReference; fileEncoding = 4; lastKnownFileType = text.json; path = BaseView.json; sourceTree = "<group>"; };
		226F6809215BC12D00F26441 /* DZCWeibo.app */ = {isa = PBXFileReference; explicitFileType = wrapper.application; includeInIndex = 0; path = DZCWeibo.app; sourceTree = BUILT_PRODUCTS_DIR; };
		226F680C215BC12D00F26441 /* AppDelegate.swift */ = {isa = PBXFileReference; lastKnownFileType = sourcecode.swift; path = AppDelegate.swift; sourceTree = "<group>"; };
		226F6813215BC13100F26441 /* Assets.xcassets */ = {isa = PBXFileReference; lastKnownFileType = folder.assetcatalog; path = Assets.xcassets; sourceTree = "<group>"; };
		226F6816215BC13100F26441 /* Base */ = {isa = PBXFileReference; lastKnownFileType = file.storyboard; name = Base; path = Base.lproj/LaunchScreen.storyboard; sourceTree = "<group>"; };
		226F6818215BC13100F26441 /* Info.plist */ = {isa = PBXFileReference; lastKnownFileType = text.plist.xml; path = Info.plist; sourceTree = "<group>"; };
		226F6828215BC77100F26441 /* DZCMainViewController.swift */ = {isa = PBXFileReference; lastKnownFileType = sourcecode.swift; path = DZCMainViewController.swift; sourceTree = "<group>"; };
		226F682C215BC7F500F26441 /* DZCNavigationController.swift */ = {isa = PBXFileReference; lastKnownFileType = sourcecode.swift; path = DZCNavigationController.swift; sourceTree = "<group>"; };
		226F682E215BC80900F26441 /* DZCBaseViewController.swift */ = {isa = PBXFileReference; lastKnownFileType = sourcecode.swift; path = DZCBaseViewController.swift; sourceTree = "<group>"; };
		226F6830215BC86E00F26441 /* DZCDiscoverController.swift */ = {isa = PBXFileReference; lastKnownFileType = sourcecode.swift; path = DZCDiscoverController.swift; sourceTree = "<group>"; };
		226F6832215BC88000F26441 /* DZCHomeViewController.swift */ = {isa = PBXFileReference; lastKnownFileType = sourcecode.swift; path = DZCHomeViewController.swift; sourceTree = "<group>"; };
		226F6834215BC89500F26441 /* DZCMessageViewController.swift */ = {isa = PBXFileReference; lastKnownFileType = sourcecode.swift; path = DZCMessageViewController.swift; sourceTree = "<group>"; };
		226F6836215BC8A500F26441 /* DZCMyinfoViewController.swift */ = {isa = PBXFileReference; lastKnownFileType = sourcecode.swift; path = DZCMyinfoViewController.swift; sourceTree = "<group>"; };
		227662A62172364D00735ED8 /* String+CutweiboString.swift */ = {isa = PBXFileReference; lastKnownFileType = sourcecode.swift; path = "String+CutweiboString.swift"; sourceTree = "<group>"; };
		22857DFA216C52B8004AA2EF /* Launch Screen.storyboard */ = {isa = PBXFileReference; lastKnownFileType = file.storyboard; path = "Launch Screen.storyboard"; sourceTree = "<group>"; };
		22857E00216CEFD0004AA2EF /* DZCCollectionViewController.swift */ = {isa = PBXFileReference; lastKnownFileType = sourcecode.swift; path = DZCCollectionViewController.swift; sourceTree = "<group>"; };
		22921EF6215BF09900B947EB /* UIImage+URLImage.swift */ = {isa = PBXFileReference; lastKnownFileType = sourcecode.swift; path = "UIImage+URLImage.swift"; sourceTree = "<group>"; };
		2299F81021718596009DD2A6 /* UIImage+ImageRound.swift */ = {isa = PBXFileReference; lastKnownFileType = sourcecode.swift; path = "UIImage+ImageRound.swift"; sourceTree = "<group>"; };
		229F5C2E216F22FD00C8A99F /* DZCWelcomeViewController.swift */ = {isa = PBXFileReference; lastKnownFileType = sourcecode.swift; path = DZCWelcomeViewController.swift; sourceTree = "<group>"; };
		229F5C30216F257F00C8A99F /* WelcomeView.storyboard */ = {isa = PBXFileReference; lastKnownFileType = file.storyboard; path = WelcomeView.storyboard; sourceTree = "<group>"; };
		22ACAE202187228200255699 /* DZCLabel.swift */ = {isa = PBXFileReference; lastKnownFileType = sourcecode.swift; path = DZCLabel.swift; sourceTree = "<group>"; };
		22B7D1D0216876D2004C4E07 /* UserNotify.swift */ = {isa = PBXFileReference; lastKnownFileType = sourcecode.swift; path = UserNotify.swift; sourceTree = "<group>"; };
		22B7D1D22168C13E004C4E07 /* DZCWebView.swift */ = {isa = PBXFileReference; lastKnownFileType = sourcecode.swift; path = DZCWebView.swift; sourceTree = "<group>"; };
		22B8D9D821887F0A00DDFCA9 /* DZCWebViewController.swift */ = {isa = PBXFileReference; lastKnownFileType = sourcecode.swift; path = DZCWebViewController.swift; sourceTree = "<group>"; };
		22CA63462165B5CE000536AF /* DZCWeiboModel.swift */ = {isa = PBXFileReference; lastKnownFileType = sourcecode.swift; path = DZCWeiboModel.swift; sourceTree = "<group>"; };
		22CA63482165B777000536AF /* DZCWeiBoViewModel.swift */ = {isa = PBXFileReference; lastKnownFileType = sourcecode.swift; path = DZCWeiBoViewModel.swift; sourceTree = "<group>"; };
		22CE78C6217AD5F400BCA518 /* DZCRefreshControl.swift */ = {isa = PBXFileReference; lastKnownFileType = sourcecode.swift; path = DZCRefreshControl.swift; sourceTree = "<group>"; };
		22CE78CF217B599200BCA518 /* DZCRefreshControl.xib */ = {isa = PBXFileReference; fileEncoding = 4; lastKnownFileType = file.xib; path = DZCRefreshControl.xib; sourceTree = "<group>"; };
		22CE78D1217B59A200BCA518 /* DZCRefreashview.swift */ = {isa = PBXFileReference; fileEncoding = 4; lastKnownFileType = sourcecode.swift; path = DZCRefreashview.swift; sourceTree = "<group>"; };
		22D00891215DC1FD003C771A /* DZCTestViewController.swift */ = {isa = PBXFileReference; lastKnownFileType = sourcecode.swift; path = DZCTestViewController.swift; sourceTree = "<group>"; };
		22D00893215DCC72003C771A /* UIBarButtonItem+Custom.swift */ = {isa = PBXFileReference; lastKnownFileType = sourcecode.swift; path = "UIBarButtonItem+Custom.swift"; sourceTree = "<group>"; };
		22D9055821709AD8002A1D9A /* DZCWeiboTableViewCell.swift */ = {isa = PBXFileReference; lastKnownFileType = sourcecode.swift; path = DZCWeiboTableViewCell.swift; sourceTree = "<group>"; };
		22D9055921709AD8002A1D9A /* DZCWeiboTableViewCell.xib */ = {isa = PBXFileReference; lastKnownFileType = file.xib; path = DZCWeiboTableViewCell.xib; sourceTree = "<group>"; };
		22D9055C2170D239002A1D9A /* DZCWeiboDetailsModel.swift */ = {isa = PBXFileReference; lastKnownFileType = sourcecode.swift; path = DZCWeiboDetailsModel.swift; sourceTree = "<group>"; };
		22D9055E2170E717002A1D9A /* DZCDetalisViewModel.swift */ = {isa = PBXFileReference; lastKnownFileType = sourcecode.swift; path = DZCDetalisViewModel.swift; sourceTree = "<group>"; };
		22DE3DAE2160EBD0007003E7 /* DZCVistorView.swift */ = {isa = PBXFileReference; lastKnownFileType = sourcecode.swift; path = DZCVistorView.swift; sourceTree = "<group>"; };
		22DE4155216A530F00070017 /* DZCAccountModel.swift */ = {isa = PBXFileReference; lastKnownFileType = sourcecode.swift; path = DZCAccountModel.swift; sourceTree = "<group>"; };
		22E4DC6B2185EFD40030E66D /* Emoticons.bundle */ = {isa = PBXFileReference; lastKnownFileType = "wrapper.plug-in"; path = Emoticons.bundle; sourceTree = "<group>"; };
		22E4DC6E2185F00F0030E66D /* DZCEmoticons.swift */ = {isa = PBXFileReference; fileEncoding = 4; lastKnownFileType = sourcecode.swift; path = DZCEmoticons.swift; sourceTree = "<group>"; };
		22E4DC702185F0140030E66D /* DZCEmotionModel.swift */ = {isa = PBXFileReference; fileEncoding = 4; lastKnownFileType = sourcecode.swift; path = DZCEmotionModel.swift; sourceTree = "<group>"; };
		22E4DC722185F0190030E66D /* DZCEmotionCoinModel.swift */ = {isa = PBXFileReference; fileEncoding = 4; lastKnownFileType = sourcecode.swift; path = DZCEmotionCoinModel.swift; sourceTree = "<group>"; };
		4D96F52BF93E8D206C28783A /* Pods_DZCWeibo.framework */ = {isa = PBXFileReference; explicitFileType = wrapper.framework; includeInIndex = 0; path = Pods_DZCWeibo.framework; sourceTree = BUILT_PRODUCTS_DIR; };
		CE53C13DCD0946B6E0DE1E0E /* Pods-DZCWeibo.release.xcconfig */ = {isa = PBXFileReference; includeInIndex = 1; lastKnownFileType = text.xcconfig; name = "Pods-DZCWeibo.release.xcconfig"; path = "Pods/Target Support Files/Pods-DZCWeibo/Pods-DZCWeibo.release.xcconfig"; sourceTree = "<group>"; };
		DE871C28D444CF3CDD6609C0 /* Pods-DZCWeibo.debug.xcconfig */ = {isa = PBXFileReference; includeInIndex = 1; lastKnownFileType = text.xcconfig; name = "Pods-DZCWeibo.debug.xcconfig"; path = "Pods/Target Support Files/Pods-DZCWeibo/Pods-DZCWeibo.debug.xcconfig"; sourceTree = "<group>"; };
/* End PBXFileReference section */

/* Begin PBXFrameworksBuildPhase section */
		226F6806215BC12D00F26441 /* Frameworks */ = {
			isa = PBXFrameworksBuildPhase;
			buildActionMask = 2147483647;
			files = (
				A69508BBB7C19F7E7A0CF421 /* Pods_DZCWeibo.framework in Frameworks */,
			);
			runOnlyForDeploymentPostprocessing = 0;
		};
/* End PBXFrameworksBuildPhase section */

/* Begin PBXGroup section */
		2201727E216506720055B48A /* NetWorkTools */ = {
			isa = PBXGroup;
			children = (
				2201727F21650C500055B48A /* DZCNetWorkManager.swift */,
				22017281216521730055B48A /* DZCNetWorkManager+JsonWeibo.swift */,
			);
			path = NetWorkTools;
			sourceTree = "<group>";
		};
		2262199D217CADC500195470 /* WriteWeibo */ = {
			isa = PBXGroup;
			children = (
				2262199E217CADED00195470 /* DZCWriteWeiboView.swift */,
				226219A0217CB06C00195470 /* DZCWriteWeiboView.xib */,
				226219A2217CBBDF00195470 /* DZCWriteWeiboBtn.swift */,
				226219A4217CBBEC00195470 /* DZCWriteWeiboBtn.xib */,
			);
			path = WriteWeibo;
			sourceTree = "<group>";
		};
		226F6800215BC12D00F26441 = {
			isa = PBXGroup;
			children = (
				226F680B215BC12D00F26441 /* DZCWeibo */,
				226F680A215BC12D00F26441 /* Products */,
				6E1432AAA72DA84942C57943 /* Pods */,
				6FD0B083F65939CE6C1E094C /* Frameworks */,
			);
			sourceTree = "<group>";
			usesTabs = 0;
		};
		226F680A215BC12D00F26441 /* Products */ = {
			isa = PBXGroup;
			children = (
				226F6809215BC12D00F26441 /* DZCWeibo.app */,
			);
			name = Products;
			sourceTree = "<group>";
		};
		226F680B215BC12D00F26441 /* DZCWeibo */ = {
			isa = PBXGroup;
			children = (
				226F681E215BC69D00F26441 /* Classes */,
				226F680C215BC12D00F26441 /* AppDelegate.swift */,
				226F6813215BC13100F26441 /* Assets.xcassets */,
				22E4DC6B2185EFD40030E66D /* Emoticons.bundle */,
				226F6815215BC13100F26441 /* LaunchScreen.storyboard */,
				226F510A2161A4D9006E1DC6 /* BaseView.json */,
				226F6818215BC13100F26441 /* Info.plist */,
			);
			path = DZCWeibo;
			sourceTree = "<group>";
		};
		226F681E215BC69D00F26441 /* Classes */ = {
			isa = PBXGroup;
			children = (
				22E4DC6D2185F0070030E66D /* Emotion */,
				22B7D1CF216876B4004C4E07 /* UserNotify */,
				226F681F215BC69D00F26441 /* Model */,
				226F6820215BC69D00F26441 /* Tools */,
				226F6821215BC69D00F26441 /* View */,
				226F6827215BC69D00F26441 /* ViewModel */,
			);
			path = Classes;
			sourceTree = "<group>";
		};
		226F681F215BC69D00F26441 /* Model */ = {
			isa = PBXGroup;
			children = (
				22CA63462165B5CE000536AF /* DZCWeiboModel.swift */,
				22DE4155216A530F00070017 /* DZCAccountModel.swift */,
				22D9055C2170D239002A1D9A /* DZCWeiboDetailsModel.swift */,
				222AECB42172BC1900F871F7 /* DZCPicModel.swift */,
			);
			path = Model;
			sourceTree = "<group>";
		};
		226F6820215BC69D00F26441 /* Tools */ = {
			isa = PBXGroup;
			children = (
				2201727E216506720055B48A /* NetWorkTools */,
				22921EF5215BF06800B947EB /* Extension */,
			);
			path = Tools;
			sourceTree = "<group>";
		};
		226F6821215BC69D00F26441 /* View */ = {
			isa = PBXGroup;
			children = (
				2262199D217CADC500195470 /* WriteWeibo */,
				22CE78C5217AD5C900BCA518 /* RefreshControl */,
				22D9055721709AB6002A1D9A /* DZCWeiboCell */,
				22857DF6216C4BD6004AA2EF /* SBView */,
				226F6824215BC69D00F26441 /* Main */,
				226F6822215BC69D00F26441 /* Discover */,
				226F6823215BC69D00F26441 /* Home */,
				226F6825215BC69D00F26441 /* Message */,
				226F6826215BC69D00F26441 /* Myinfo */,
			);
			path = View;
			sourceTree = "<group>";
		};
		226F6822215BC69D00F26441 /* Discover */ = {
			isa = PBXGroup;
			children = (
				226F6830215BC86E00F26441 /* DZCDiscoverController.swift */,
			);
			path = Discover;
			sourceTree = "<group>";
		};
		226F6823215BC69D00F26441 /* Home */ = {
			isa = PBXGroup;
			children = (
				226F6832215BC88000F26441 /* DZCHomeViewController.swift */,
				22B8D9D821887F0A00DDFCA9 /* DZCWebViewController.swift */,
			);
			path = Home;
			sourceTree = "<group>";
		};
		226F6824215BC69D00F26441 /* Main */ = {
			isa = PBXGroup;
			children = (
				229F5C2D216F22E000C8A99F /* WelcomeView */,
				22857DFD216CEF83004AA2EF /* Newfeatures */,
				22D00890215DC105003C771A /* TestView */,
				226F6828215BC77100F26441 /* DZCMainViewController.swift */,
				226F682C215BC7F500F26441 /* DZCNavigationController.swift */,
				226F682E215BC80900F26441 /* DZCBaseViewController.swift */,
			);
			path = Main;
			sourceTree = "<group>";
		};
		226F6825215BC69D00F26441 /* Message */ = {
			isa = PBXGroup;
			children = (
				226F6834215BC89500F26441 /* DZCMessageViewController.swift */,
			);
			path = Message;
			sourceTree = "<group>";
		};
		226F6826215BC69D00F26441 /* Myinfo */ = {
			isa = PBXGroup;
			children = (
				226F6836215BC8A500F26441 /* DZCMyinfoViewController.swift */,
			);
			path = Myinfo;
			sourceTree = "<group>";
		};
		226F6827215BC69D00F26441 /* ViewModel */ = {
			isa = PBXGroup;
			children = (
				22CA63482165B777000536AF /* DZCWeiBoViewModel.swift */,
				22D9055E2170E717002A1D9A /* DZCDetalisViewModel.swift */,
			);
			path = ViewModel;
			sourceTree = "<group>";
		};
		22857DF6216C4BD6004AA2EF /* SBView */ = {
			isa = PBXGroup;
			children = (
				22857DFA216C52B8004AA2EF /* Launch Screen.storyboard */,
				229F5C30216F257F00C8A99F /* WelcomeView.storyboard */,
			);
			path = SBView;
			sourceTree = "<group>";
		};
		22857DFD216CEF83004AA2EF /* Newfeatures */ = {
			isa = PBXGroup;
			children = (
				22857E00216CEFD0004AA2EF /* DZCCollectionViewController.swift */,
			);
			path = Newfeatures;
			sourceTree = "<group>";
		};
		22921EF5215BF06800B947EB /* Extension */ = {
			isa = PBXGroup;
			children = (
				22921EF6215BF09900B947EB /* UIImage+URLImage.swift */,
				2299F81021718596009DD2A6 /* UIImage+ImageRound.swift */,
				22D00893215DCC72003C771A /* UIBarButtonItem+Custom.swift */,
				226A7ACB215F0C760048ADCA /* UIButton+Image.swift */,
				227662A62172364D00735ED8 /* String+CutweiboString.swift */,
				22226CD12182FFB5000A08D9 /* String+Regular.swift */,
				22ACAE202187228200255699 /* DZCLabel.swift */,
			);
			path = Extension;
			sourceTree = "<group>";
		};
		229F5C2D216F22E000C8A99F /* WelcomeView */ = {
			isa = PBXGroup;
			children = (
				229F5C2E216F22FD00C8A99F /* DZCWelcomeViewController.swift */,
			);
			path = WelcomeView;
			sourceTree = "<group>";
		};
		22B7D1CF216876B4004C4E07 /* UserNotify */ = {
			isa = PBXGroup;
			children = (
				22B7D1D0216876D2004C4E07 /* UserNotify.swift */,
			);
			path = UserNotify;
			sourceTree = "<group>";
		};
		22CE78C5217AD5C900BCA518 /* RefreshControl */ = {
			isa = PBXGroup;
			children = (
				22CE78C6217AD5F400BCA518 /* DZCRefreshControl.swift */,
				22CE78CF217B599200BCA518 /* DZCRefreshControl.xib */,
				22CE78D1217B59A200BCA518 /* DZCRefreashview.swift */,
			);
			path = RefreshControl;
			sourceTree = "<group>";
		};
		22D00890215DC105003C771A /* TestView */ = {
			isa = PBXGroup;
			children = (
				22D00891215DC1FD003C771A /* DZCTestViewController.swift */,
				22DE3DAE2160EBD0007003E7 /* DZCVistorView.swift */,
				22B7D1D22168C13E004C4E07 /* DZCWebView.swift */,
			);
			path = TestView;
			sourceTree = "<group>";
		};
		22D9055721709AB6002A1D9A /* DZCWeiboCell */ = {
			isa = PBXGroup;
			children = (
				22D9055821709AD8002A1D9A /* DZCWeiboTableViewCell.swift */,
				22D9055921709AD8002A1D9A /* DZCWeiboTableViewCell.xib */,
				226F44472174D60800E2953D /* DZCWeiboRepostTableViewCell.xib */,
				222AECB62172C20300F871F7 /* DZCWeiboPicView.swift */,
			);
			path = DZCWeiboCell;
			sourceTree = "<group>";
		};
		22E4DC6D2185F0070030E66D /* Emotion */ = {
			isa = PBXGroup;
			children = (
				22E4DC6E2185F00F0030E66D /* DZCEmoticons.swift */,
				22E4DC702185F0140030E66D /* DZCEmotionModel.swift */,
				22E4DC722185F0190030E66D /* DZCEmotionCoinModel.swift */,
			);
			path = Emotion;
			sourceTree = "<group>";
		};
		6E1432AAA72DA84942C57943 /* Pods */ = {
			isa = PBXGroup;
			children = (
				DE871C28D444CF3CDD6609C0 /* Pods-DZCWeibo.debug.xcconfig */,
				CE53C13DCD0946B6E0DE1E0E /* Pods-DZCWeibo.release.xcconfig */,
			);
			name = Pods;
			sourceTree = "<group>";
		};
		6FD0B083F65939CE6C1E094C /* Frameworks */ = {
			isa = PBXGroup;
			children = (
				4D96F52BF93E8D206C28783A /* Pods_DZCWeibo.framework */,
			);
			name = Frameworks;
			sourceTree = "<group>";
		};
/* End PBXGroup section */

/* Begin PBXNativeTarget section */
		226F6808215BC12D00F26441 /* DZCWeibo */ = {
			isa = PBXNativeTarget;
			buildConfigurationList = 226F681B215BC13100F26441 /* Build configuration list for PBXNativeTarget "DZCWeibo" */;
			buildPhases = (
				AF6ED202BEAD6161E782EA07 /* [CP] Check Pods Manifest.lock */,
				226F6805215BC12D00F26441 /* Sources */,
				226F6806215BC12D00F26441 /* Frameworks */,
				226F6807215BC12D00F26441 /* Resources */,
				09A05440BBE5B363CE282917 /* [CP] Embed Pods Frameworks */,
			);
			buildRules = (
			);
			dependencies = (
			);
			name = DZCWeibo;
			productName = DZCWeibo;
			productReference = 226F6809215BC12D00F26441 /* DZCWeibo.app */;
			productType = "com.apple.product-type.application";
		};
/* End PBXNativeTarget section */

/* Begin PBXProject section */
		226F6801215BC12D00F26441 /* Project object */ = {
			isa = PBXProject;
			attributes = {
				CLASSPREFIX = DZC;
				LastSwiftUpdateCheck = 1000;
				LastUpgradeCheck = 1000;
				ORGANIZATIONNAME = tomdu;
				TargetAttributes = {
					226F6808215BC12D00F26441 = {
						CreatedOnToolsVersion = 10.0;
					};
				};
			};
			buildConfigurationList = 226F6804215BC12D00F26441 /* Build configuration list for PBXProject "DZCWeibo" */;
			compatibilityVersion = "Xcode 9.3";
			developmentRegion = en;
			hasScannedForEncodings = 0;
			knownRegions = (
				en,
				Base,
			);
			mainGroup = 226F6800215BC12D00F26441;
			productRefGroup = 226F680A215BC12D00F26441 /* Products */;
			projectDirPath = "";
			projectRoot = "";
			targets = (
				226F6808215BC12D00F26441 /* DZCWeibo */,
			);
		};
/* End PBXProject section */

/* Begin PBXResourcesBuildPhase section */
		226F6807215BC12D00F26441 /* Resources */ = {
			isa = PBXResourcesBuildPhase;
			buildActionMask = 2147483647;
			files = (
				229F5C31216F257F00C8A99F /* WelcomeView.storyboard in Resources */,
				22D9055B21709AD8002A1D9A /* DZCWeiboTableViewCell.xib in Resources */,
				226219A5217CBBEC00195470 /* DZCWriteWeiboBtn.xib in Resources */,
				22857DFB216C52B8004AA2EF /* Launch Screen.storyboard in Resources */,
				226219A1217CB06C00195470 /* DZCWriteWeiboView.xib in Resources */,
				226F44482174D60800E2953D /* DZCWeiboRepostTableViewCell.xib in Resources */,
				22CE78D0217B599200BCA518 /* DZCRefreshControl.xib in Resources */,
				22857DFC216C537C004AA2EF /* Assets.xcassets in Resources */,
				226F510B2161A4D9006E1DC6 /* BaseView.json in Resources */,
				22E4DC6C2185EFD50030E66D /* Emoticons.bundle in Resources */,
			);
			runOnlyForDeploymentPostprocessing = 0;
		};
/* End PBXResourcesBuildPhase section */

/* Begin PBXShellScriptBuildPhase section */
		09A05440BBE5B363CE282917 /* [CP] Embed Pods Frameworks */ = {
			isa = PBXShellScriptBuildPhase;
			buildActionMask = 2147483647;
			files = (
			);
			inputFileListPaths = (
			);
			inputPaths = (
				"${SRCROOT}/Pods/Target Support Files/Pods-DZCWeibo/Pods-DZCWeibo-frameworks.sh",
				"${BUILT_PRODUCTS_DIR}/AFNetworking/AFNetworking.framework",
				"${BUILT_PRODUCTS_DIR}/FFLabel/FFLabel.framework",
				"${BUILT_PRODUCTS_DIR}/FMDB/FMDB.framework",
				"${BUILT_PRODUCTS_DIR}/SDWebImage/SDWebImage.framework",
				"${BUILT_PRODUCTS_DIR}/SVProgressHUD/SVProgressHUD.framework",
				"${BUILT_PRODUCTS_DIR}/SnapKit/SnapKit.framework",
				"${BUILT_PRODUCTS_DIR}/YYModel/YYModel.framework",
				"${BUILT_PRODUCTS_DIR}/YYText/YYText.framework",
				"${BUILT_PRODUCTS_DIR}/pop/pop.framework",
			);
			name = "[CP] Embed Pods Frameworks";
			outputFileListPaths = (
			);
			outputPaths = (
				"${TARGET_BUILD_DIR}/${FRAMEWORKS_FOLDER_PATH}/AFNetworking.framework",
				"${TARGET_BUILD_DIR}/${FRAMEWORKS_FOLDER_PATH}/FFLabel.framework",
				"${TARGET_BUILD_DIR}/${FRAMEWORKS_FOLDER_PATH}/FMDB.framework",
				"${TARGET_BUILD_DIR}/${FRAMEWORKS_FOLDER_PATH}/SDWebImage.framework",
				"${TARGET_BUILD_DIR}/${FRAMEWORKS_FOLDER_PATH}/SVProgressHUD.framework",
				"${TARGET_BUILD_DIR}/${FRAMEWORKS_FOLDER_PATH}/SnapKit.framework",
				"${TARGET_BUILD_DIR}/${FRAMEWORKS_FOLDER_PATH}/YYModel.framework",
				"${TARGET_BUILD_DIR}/${FRAMEWORKS_FOLDER_PATH}/YYText.framework",
				"${TARGET_BUILD_DIR}/${FRAMEWORKS_FOLDER_PATH}/pop.framework",
			);
			runOnlyForDeploymentPostprocessing = 0;
			shellPath = /bin/sh;
			shellScript = "\"${SRCROOT}/Pods/Target Support Files/Pods-DZCWeibo/Pods-DZCWeibo-frameworks.sh\"\n";
			showEnvVarsInLog = 0;
		};
		AF6ED202BEAD6161E782EA07 /* [CP] Check Pods Manifest.lock */ = {
			isa = PBXShellScriptBuildPhase;
			buildActionMask = 2147483647;
			files = (
			);
			inputFileListPaths = (
			);
			inputPaths = (
				"${PODS_PODFILE_DIR_PATH}/Podfile.lock",
				"${PODS_ROOT}/Manifest.lock",
			);
			name = "[CP] Check Pods Manifest.lock";
			outputFileListPaths = (
			);
			outputPaths = (
				"$(DERIVED_FILE_DIR)/Pods-DZCWeibo-checkManifestLockResult.txt",
			);
			runOnlyForDeploymentPostprocessing = 0;
			shellPath = /bin/sh;
			shellScript = "diff \"${PODS_PODFILE_DIR_PATH}/Podfile.lock\" \"${PODS_ROOT}/Manifest.lock\" > /dev/null\nif [ $? != 0 ] ; then\n    # print error to STDERR\n    echo \"error: The sandbox is not in sync with the Podfile.lock. Run 'pod install' or update your CocoaPods installation.\" >&2\n    exit 1\nfi\n# This output is used by Xcode 'outputs' to avoid re-running this script phase.\necho \"SUCCESS\" > \"${SCRIPT_OUTPUT_FILE_0}\"\n";
			showEnvVarsInLog = 0;
		};
/* End PBXShellScriptBuildPhase section */

/* Begin PBXSourcesBuildPhase section */
		226F6805215BC12D00F26441 /* Sources */ = {
			isa = PBXSourcesBuildPhase;
			buildActionMask = 2147483647;
			files = (
				22E4DC712185F0140030E66D /* DZCEmotionModel.swift in Sources */,
				226F510C2161A525006E1DC6 /* BaseView.json in Sources */,
				226219A3217CBBDF00195470 /* DZCWriteWeiboBtn.swift in Sources */,
				22B8D9D921887F0A00DDFCA9 /* DZCWebViewController.swift in Sources */,
				22CA63492165B777000536AF /* DZCWeiBoViewModel.swift in Sources */,
				22857E01216CEFD0004AA2EF /* DZCCollectionViewController.swift in Sources */,
				226F6833215BC88000F26441 /* DZCHomeViewController.swift in Sources */,
				2262199F217CADED00195470 /* DZCWriteWeiboView.swift in Sources */,
				229F5C2F216F22FD00C8A99F /* DZCWelcomeViewController.swift in Sources */,
				2299F81121718596009DD2A6 /* UIImage+ImageRound.swift in Sources */,
				22CA63472165B5CE000536AF /* DZCWeiboModel.swift in Sources */,
				22D00892215DC1FD003C771A /* DZCTestViewController.swift in Sources */,
				226F680D215BC12D00F26441 /* AppDelegate.swift in Sources */,
				22D00894215DCC72003C771A /* UIBarButtonItem+Custom.swift in Sources */,
				22CE78C7217AD5F400BCA518 /* DZCRefreshControl.swift in Sources */,
				22E4DC732185F0190030E66D /* DZCEmotionCoinModel.swift in Sources */,
				22921EF7215BF09900B947EB /* UIImage+URLImage.swift in Sources */,
				22DE3DAF2160EBD0007003E7 /* DZCVistorView.swift in Sources */,
				22E4DC6F2185F00F0030E66D /* DZCEmoticons.swift in Sources */,
				226F6837215BC8A500F26441 /* DZCMyinfoViewController.swift in Sources */,
				2201728021650C500055B48A /* DZCNetWorkManager.swift in Sources */,
				226F682F215BC80900F26441 /* DZCBaseViewController.swift in Sources */,
				22017282216521730055B48A /* DZCNetWorkManager+JsonWeibo.swift in Sources */,
				22226CD22182FFB5000A08D9 /* String+Regular.swift in Sources */,
				222AECB72172C20300F871F7 /* DZCWeiboPicView.swift in Sources */,
				22D9055F2170E717002A1D9A /* DZCDetalisViewModel.swift in Sources */,
				227662A72172364D00735ED8 /* String+CutweiboString.swift in Sources */,
				22ACAE212187228200255699 /* DZCLabel.swift in Sources */,
				22DE4156216A530F00070017 /* DZCAccountModel.swift in Sources */,
				22D9055A21709AD8002A1D9A /* DZCWeiboTableViewCell.swift in Sources */,
				222AECB52172BC1900F871F7 /* DZCPicModel.swift in Sources */,
				226F6831215BC86E00F26441 /* DZCDiscoverController.swift in Sources */,
				226F682D215BC7F500F26441 /* DZCNavigationController.swift in Sources */,
				22B7D1D1216876D2004C4E07 /* UserNotify.swift in Sources */,
				22D9055D2170D239002A1D9A /* DZCWeiboDetailsModel.swift in Sources */,
				22B7D1D32168C13E004C4E07 /* DZCWebView.swift in Sources */,
				22CE78D2217B59A300BCA518 /* DZCRefreashview.swift in Sources */,
				226F6835215BC89500F26441 /* DZCMessageViewController.swift in Sources */,
				226A7ACC215F0C760048ADCA /* UIButton+Image.swift in Sources */,
				226F6829215BC77100F26441 /* DZCMainViewController.swift in Sources */,
			);
			runOnlyForDeploymentPostprocessing = 0;
		};
/* End PBXSourcesBuildPhase section */

/* Begin PBXVariantGroup section */
		226F6815215BC13100F26441 /* LaunchScreen.storyboard */ = {
			isa = PBXVariantGroup;
			children = (
				226F6816215BC13100F26441 /* Base */,
			);
			name = LaunchScreen.storyboard;
			sourceTree = "<group>";
		};
/* End PBXVariantGroup section */

/* Begin XCBuildConfiguration section */
		226F6819215BC13100F26441 /* Debug */ = {
			isa = XCBuildConfiguration;
			buildSettings = {
				ALWAYS_SEARCH_USER_PATHS = NO;
				CLANG_ANALYZER_NONNULL = YES;
				CLANG_ANALYZER_NUMBER_OBJECT_CONVERSION = YES_AGGRESSIVE;
				CLANG_CXX_LANGUAGE_STANDARD = "gnu++14";
				CLANG_CXX_LIBRARY = "libc++";
				CLANG_ENABLE_MODULES = YES;
				CLANG_ENABLE_OBJC_ARC = YES;
				CLANG_ENABLE_OBJC_WEAK = YES;
				CLANG_WARN_BLOCK_CAPTURE_AUTORELEASING = YES;
				CLANG_WARN_BOOL_CONVERSION = YES;
				CLANG_WARN_COMMA = YES;
				CLANG_WARN_CONSTANT_CONVERSION = YES;
				CLANG_WARN_DEPRECATED_OBJC_IMPLEMENTATIONS = YES;
				CLANG_WARN_DIRECT_OBJC_ISA_USAGE = YES_ERROR;
				CLANG_WARN_DOCUMENTATION_COMMENTS = YES;
				CLANG_WARN_EMPTY_BODY = YES;
				CLANG_WARN_ENUM_CONVERSION = YES;
				CLANG_WARN_INFINITE_RECURSION = YES;
				CLANG_WARN_INT_CONVERSION = YES;
				CLANG_WARN_NON_LITERAL_NULL_CONVERSION = YES;
				CLANG_WARN_OBJC_IMPLICIT_RETAIN_SELF = YES;
				CLANG_WARN_OBJC_LITERAL_CONVERSION = YES;
				CLANG_WARN_OBJC_ROOT_CLASS = YES_ERROR;
				CLANG_WARN_RANGE_LOOP_ANALYSIS = YES;
				CLANG_WARN_STRICT_PROTOTYPES = YES;
				CLANG_WARN_SUSPICIOUS_MOVE = YES;
				CLANG_WARN_UNGUARDED_AVAILABILITY = YES_AGGRESSIVE;
				CLANG_WARN_UNREACHABLE_CODE = YES;
				CLANG_WARN__DUPLICATE_METHOD_MATCH = YES;
				CODE_SIGN_IDENTITY = "iPhone Developer";
				COPY_PHASE_STRIP = NO;
				DEBUG_INFORMATION_FORMAT = dwarf;
				ENABLE_STRICT_OBJC_MSGSEND = YES;
				ENABLE_TESTABILITY = YES;
				GCC_C_LANGUAGE_STANDARD = gnu11;
				GCC_DYNAMIC_NO_PIC = NO;
				GCC_NO_COMMON_BLOCKS = YES;
				GCC_OPTIMIZATION_LEVEL = 0;
				GCC_PREPROCESSOR_DEFINITIONS = (
					"DEBUG=1",
					"$(inherited)",
				);
				GCC_WARN_64_TO_32_BIT_CONVERSION = YES;
				GCC_WARN_ABOUT_RETURN_TYPE = YES_ERROR;
				GCC_WARN_UNDECLARED_SELECTOR = YES;
				GCC_WARN_UNINITIALIZED_AUTOS = YES_AGGRESSIVE;
				GCC_WARN_UNUSED_FUNCTION = YES;
				GCC_WARN_UNUSED_VARIABLE = YES;
				IPHONEOS_DEPLOYMENT_TARGET = 12.0;
				MTL_ENABLE_DEBUG_INFO = INCLUDE_SOURCE;
				MTL_FAST_MATH = YES;
				ONLY_ACTIVE_ARCH = YES;
				SDKROOT = iphoneos;
				SWIFT_ACTIVE_COMPILATION_CONDITIONS = DEBUG;
				SWIFT_OPTIMIZATION_LEVEL = "-Onone";
			};
			name = Debug;
		};
		226F681A215BC13100F26441 /* Release */ = {
			isa = XCBuildConfiguration;
			buildSettings = {
				ALWAYS_SEARCH_USER_PATHS = NO;
				CLANG_ANALYZER_NONNULL = YES;
				CLANG_ANALYZER_NUMBER_OBJECT_CONVERSION = YES_AGGRESSIVE;
				CLANG_CXX_LANGUAGE_STANDARD = "gnu++14";
				CLANG_CXX_LIBRARY = "libc++";
				CLANG_ENABLE_MODULES = YES;
				CLANG_ENABLE_OBJC_ARC = YES;
				CLANG_ENABLE_OBJC_WEAK = YES;
				CLANG_WARN_BLOCK_CAPTURE_AUTORELEASING = YES;
				CLANG_WARN_BOOL_CONVERSION = YES;
				CLANG_WARN_COMMA = YES;
				CLANG_WARN_CONSTANT_CONVERSION = YES;
				CLANG_WARN_DEPRECATED_OBJC_IMPLEMENTATIONS = YES;
				CLANG_WARN_DIRECT_OBJC_ISA_USAGE = YES_ERROR;
				CLANG_WARN_DOCUMENTATION_COMMENTS = YES;
				CLANG_WARN_EMPTY_BODY = YES;
				CLANG_WARN_ENUM_CONVERSION = YES;
				CLANG_WARN_INFINITE_RECURSION = YES;
				CLANG_WARN_INT_CONVERSION = YES;
				CLANG_WARN_NON_LITERAL_NULL_CONVERSION = YES;
				CLANG_WARN_OBJC_IMPLICIT_RETAIN_SELF = YES;
				CLANG_WARN_OBJC_LITERAL_CONVERSION = YES;
				CLANG_WARN_OBJC_ROOT_CLASS = YES_ERROR;
				CLANG_WARN_RANGE_LOOP_ANALYSIS = YES;
				CLANG_WARN_STRICT_PROTOTYPES = YES;
				CLANG_WARN_SUSPICIOUS_MOVE = YES;
				CLANG_WARN_UNGUARDED_AVAILABILITY = YES_AGGRESSIVE;
				CLANG_WARN_UNREACHABLE_CODE = YES;
				CLANG_WARN__DUPLICATE_METHOD_MATCH = YES;
				CODE_SIGN_IDENTITY = "iPhone Developer";
				COPY_PHASE_STRIP = NO;
				DEBUG_INFORMATION_FORMAT = "dwarf-with-dsym";
				ENABLE_NS_ASSERTIONS = NO;
				ENABLE_STRICT_OBJC_MSGSEND = YES;
				GCC_C_LANGUAGE_STANDARD = gnu11;
				GCC_NO_COMMON_BLOCKS = YES;
				GCC_WARN_64_TO_32_BIT_CONVERSION = YES;
				GCC_WARN_ABOUT_RETURN_TYPE = YES_ERROR;
				GCC_WARN_UNDECLARED_SELECTOR = YES;
				GCC_WARN_UNINITIALIZED_AUTOS = YES_AGGRESSIVE;
				GCC_WARN_UNUSED_FUNCTION = YES;
				GCC_WARN_UNUSED_VARIABLE = YES;
				IPHONEOS_DEPLOYMENT_TARGET = 12.0;
				MTL_ENABLE_DEBUG_INFO = NO;
				MTL_FAST_MATH = YES;
				SDKROOT = iphoneos;
				SWIFT_COMPILATION_MODE = wholemodule;
				SWIFT_OPTIMIZATION_LEVEL = "-O";
				VALIDATE_PRODUCT = YES;
			};
			name = Release;
		};
		226F681C215BC13100F26441 /* Debug */ = {
			isa = XCBuildConfiguration;
			baseConfigurationReference = DE871C28D444CF3CDD6609C0 /* Pods-DZCWeibo.debug.xcconfig */;
			buildSettings = {
				ASSETCATALOG_COMPILER_APPICON_NAME = AppIcon;
				ASSETCATALOG_COMPILER_LAUNCHIMAGE_NAME = LaunchImage;
				CODE_SIGN_STYLE = Automatic;
				DEVELOPMENT_TEAM = 45U62LQ53T;
				INFOPLIST_FILE = DZCWeibo/Info.plist;
				IPHONEOS_DEPLOYMENT_TARGET = 12.0;
				LD_RUNPATH_SEARCH_PATHS = (
					"$(inherited)",
					"@executable_path/Frameworks",
				);
				PRODUCT_BUNDLE_IDENTIFIER = com.tomdu.hiworld.DZCWeibo;
				PRODUCT_NAME = "$(TARGET_NAME)";
				SWIFT_VERSION = 4.2;
				TARGETED_DEVICE_FAMILY = 1;
			};
			name = Debug;
		};
		226F681D215BC13100F26441 /* Release */ = {
			isa = XCBuildConfiguration;
			baseConfigurationReference = CE53C13DCD0946B6E0DE1E0E /* Pods-DZCWeibo.release.xcconfig */;
			buildSettings = {
				ASSETCATALOG_COMPILER_APPICON_NAME = AppIcon;
				ASSETCATALOG_COMPILER_LAUNCHIMAGE_NAME = LaunchImage;
				CODE_SIGN_STYLE = Automatic;
				DEVELOPMENT_TEAM = 45U62LQ53T;
				INFOPLIST_FILE = DZCWeibo/Info.plist;
				IPHONEOS_DEPLOYMENT_TARGET = 12.0;
				LD_RUNPATH_SEARCH_PATHS = (
					"$(inherited)",
					"@executable_path/Frameworks",
				);
				PRODUCT_BUNDLE_IDENTIFIER = com.tomdu.hiworld.DZCWeibo;
				PRODUCT_NAME = "$(TARGET_NAME)";
				SWIFT_VERSION = 4.2;
				TARGETED_DEVICE_FAMILY = 1;
			};
			name = Release;
		};
/* End XCBuildConfiguration section */

/* Begin XCConfigurationList section */
		226F6804215BC12D00F26441 /* Build configuration list for PBXProject "DZCWeibo" */ = {
			isa = XCConfigurationList;
			buildConfigurations = (
				226F6819215BC13100F26441 /* Debug */,
				226F681A215BC13100F26441 /* Release */,
			);
			defaultConfigurationIsVisible = 0;
			defaultConfigurationName = Release;
		};
		226F681B215BC13100F26441 /* Build configuration list for PBXNativeTarget "DZCWeibo" */ = {
			isa = XCConfigurationList;
			buildConfigurations = (
				226F681C215BC13100F26441 /* Debug */,
				226F681D215BC13100F26441 /* Release */,
			);
			defaultConfigurationIsVisible = 0;
			defaultConfigurationName = Release;
		};
/* End XCConfigurationList section */
	};
	rootObject = 226F6801215BC12D00F26441 /* Project object */;
}
